
Microsoft Visual Studio Solution File, Format Version 12.00
# Visual Studio 15
VisualStudioVersion = 15.0.28307.329
MinimumVisualStudioVersion = 10.0.40219.1
Project("{FAE04EC0-301F-11D3-BF4B-00C04F79EFBC}") = "AutoclickerApp.Android", "AutoclickerApp\AutoclickerApp.Android\AutoclickerApp.Android.csproj", "{AB8EA817-03C4-477D-BB29-13D0F6D72CE4}"
EndProject
Project("{FAE04EC0-301F-11D3-BF4B-00C04F79EFBC}") = "AutoclickerApp", "AutoclickerApp\AutoclickerApp\AutoclickerApp.csproj", "{A0220F2E-DB3F-4221-97E7-3910127AA2CA}"
EndProject
Global
	GlobalSection(SolutionConfigurationPlatforms) = preSolution
		Debug|Any CPU = Debug|Any CPU
		Debug|x86 = Debug|x86
		Release|Any CPU = Release|Any CPU
		Release|x86 = Release|x86
	EndGlobalSection
	GlobalSection(ProjectConfigurationPlatforms) = postSolution
		{AB8EA817-03C4-477D-BB29-13D0F6D72CE4}.Debug|Any CPU.ActiveCfg = Debug|Any CPU
		{AB8EA817-03C4-477D-BB29-13D0F6D72CE4}.Debug|Any CPU.Build.0 = Debug|Any CPU
		{AB8EA817-03C4-477D-BB29-13D0F6D72CE4}.Debug|Any CPU.Deploy.0 = Debug|Any CPU
		{AB8EA817-03C4-477D-BB29-13D0F6D72CE4}.Debug|x86.ActiveCfg = Debug|x86
		{AB8EA817-03C4-477D-BB29-13D0F6D72CE4}.Debug|x86.Build.0 = Debug|x86
		{AB8EA817-03C4-477D-BB29-13D0F6D72CE4}.Debug|x86.Deploy.0 = Debug|x86
		{AB8EA817-03C4-477D-BB29-13D0F6D72CE4}.Release|Any CPU.ActiveCfg = Release|Any CPU
		{AB8EA817-03C4-477D-BB29-13D0F6D72CE4}.Release|Any CPU.Build.0 = Release|Any CPU
		{AB8EA817-03C4-477D-BB29-13D0F6D72CE4}.Release|Any CPU.Deploy.0 = Release|Any CPU
		{AB8EA817-03C4-477D-BB29-13D0F6D72CE4}.Release|x86.ActiveCfg = Release|x86
		{AB8EA817-03C4-477D-BB29-13D0F6D72CE4}.Release|x86.Build.0 = Release|x86
		{AB8EA817-03C4-477D-BB29-13D0F6D72CE4}.Release|x86.Deploy.0 = Release|x86
		{A0220F2E-DB3F-4221-97E7-3910127AA2CA}.Debug|Any CPU.ActiveCfg = Debug|Any CPU
		{A0220F2E-DB3F-4221-97E7-3910127AA2CA}.Debug|Any CPU.Build.0 = Debug|Any CPU
		{A0220F2E-DB3F-4221-97E7-3910127AA2CA}.Debug|x86.ActiveCfg = Debug|Any CPU
		{A0220F2E-DB3F-4221-97E7-3910127AA2CA}.Debug|x86.Build.0 = Debug|Any CPU
		{A0220F2E-DB3F-4221-97E7-3910127AA2CA}.Release|Any CPU.ActiveCfg = Release|Any CPU
		{A0220F2E-DB3F-4221-97E7-3910127AA2CA}.Release|Any CPU.Build.0 = Release|Any CPU
		{A0220F2E-DB3F-4221-97E7-3910127AA2CA}.Release|x86.ActiveCfg = Release|Any CPU
		{A0220F2E-DB3F-4221-97E7-3910127AA2CA}.Release|x86.Build.0 = Release|Any CPU
	EndGlobalSection
	GlobalSection(SolutionProperties) = preSolution
		HideSolutionNode = FALSE
	EndGlobalSection
	GlobalSection(ExtensibilityGlobals) = postSolution
		SolutionGuid = {B6F4CF58-BEA0-444C-9E7C-4DFF780C0495}
	EndGlobalSection
EndGlobal
