
Microsoft Visual Studio Solution File, Format Version 12.00
# Visual Studio 15
VisualStudioVersion = 15.0.28307.421
MinimumVisualStudioVersion = 10.0.40219.1
Project("{FAE04EC0-301F-11D3-BF4B-00C04F79EFBC}") = "EmguClicker", "EmguClicker\EmguClicker.csproj", "{5BD9EE8E-397E-426F-B8AD-F1D2EC422420}"
EndProject
Global
	GlobalSection(SolutionConfigurationPlatforms) = preSolution
		Debug|Any CPU = Debug|Any CPU
		Release|Any CPU = Release|Any CPU
	EndGlobalSection
	GlobalSection(ProjectConfigurationPlatforms) = postSolution
		{5BD9EE8E-397E-426F-B8AD-F1D2EC422420}.Debug|Any CPU.ActiveCfg = Debug|Any CPU
		{5BD9EE8E-397E-426F-B8AD-F1D2EC422420}.Debug|Any CPU.Build.0 = Debug|Any CPU
		{5BD9EE8E-397E-426F-B8AD-F1D2EC422420}.Release|Any CPU.ActiveCfg = Release|Any CPU
		{5BD9EE8E-397E-426F-B8AD-F1D2EC422420}.Release|Any CPU.Build.0 = Release|Any CPU
	EndGlobalSection
	GlobalSection(SolutionProperties) = preSolution
		HideSolutionNode = FALSE
	EndGlobalSection
	GlobalSection(ExtensibilityGlobals) = postSolution
		SolutionGuid = {A029A0F8-AB3E-424F-8B9D-515A21F2BE9F}
	EndGlobalSection
EndGlobal
